
Microsoft Visual Studio Solution File, Format Version 12.00
# Visual Studio Version 17
VisualStudioVersion = 17.2.32516.85
MinimumVisualStudioVersion = 10.0.40219.1
Project("{FAE04EC0-301F-11D3-BF4B-00C04F79EFBC}") = "taylorglenn.games", "taylorglenn.games.csproj", "{0FB05761-0DB3-4F77-96CA-067BE2CFB542}"
EndProject
Global
	GlobalSection(SolutionConfigurationPlatforms) = preSolution
		Debug|Any CPU = Debug|Any CPU
		Release|Any CPU = Release|Any CPU
	EndGlobalSection
	GlobalSection(ProjectConfigurationPlatforms) = postSolution
		{0FB05761-0DB3-4F77-96CA-067BE2CFB542}.Debug|Any CPU.ActiveCfg = Debug|Any CPU
		{0FB05761-0DB3-4F77-96CA-067BE2CFB542}.Debug|Any CPU.Build.0 = Debug|Any CPU
		{0FB05761-0DB3-4F77-96CA-067BE2CFB542}.Release|Any CPU.ActiveCfg = Release|Any CPU
		{0FB05761-0DB3-4F77-96CA-067BE2CFB542}.Release|Any CPU.Build.0 = Release|Any CPU
	EndGlobalSection
	GlobalSection(SolutionProperties) = preSolution
		HideSolutionNode = FALSE
	EndGlobalSection
	GlobalSection(ExtensibilityGlobals) = postSolution
		SolutionGuid = {F2D976EB-C328-400A-88A8-A3DE5B40B177}
	EndGlobalSection
EndGlobal
